PODS:
  - GCDWebServer (3.5.4):
    - GCDWebServer/Core (= 3.5.4)
  - GCDWebServer/Core (3.5.4)
  - HttpLogPreview (0.1.0):
    - GCDWebServer (= 3.5.4)

DEPENDENCIES:
  - HttpLogPreview (from `../`)

SPEC REPOS:
  trunk:
    - GCDWebServer

EXTERNAL SOURCES:
  HttpLogPreview:
    :path: "../"

SPEC CHECKSUMS:
  GCDWebServer: 2c156a56c8226e2d5c0c3f208a3621ccffbe3ce4
  HttpLogPreview: 52e8c1e3311aa7219f0598d23ced2c3460688eef

PODFILE CHECKSUM: 5a5a87bf43d641f3755d74088a67895addc55201

COCOAPODS: 1.10.1
